Microsoft Visual Studio Solution File, Format Version 12.00
# Visual Studio Version 17
VisualStudioVersion = 17.13.35913.81
MinimumVisualStudioVersion = 10.0.40219.1
Project("{FAE04EC0-301F-11D3-BF4B-00C04F79EFBC}") = "GaryKAuthProject", "GaryKAuthProject.csproj", "{C556970C-EBD9-4F67-BD32-6B00BA5C18DD}"
EndProject
Global
	GlobalSection(SolutionConfigurationPlatforms) = preSolution
		Debug|Any CPU = Debug|Any CPU
		Release|Any CPU = Release|Any CPU
	EndGlobalSection
	GlobalSection(ProjectConfigurationPlatforms) = postSolution
		{C556970C-EBD9-4F67-BD32-6B00BA5C18DD}.Debug|Any CPU.ActiveCfg = Debug|Any CPU
		{C556970C-EBD9-4F67-BD32-6B00BA5C18DD}.Debug|Any CPU.Build.0 = Debug|Any CPU
		{C556970C-EBD9-4F67-BD32-6B00BA5C18DD}.Release|Any CPU.ActiveCfg = Release|Any CPU
		{C556970C-EBD9-4F67-BD32-6B00BA5C18DD}.Release|Any CPU.Build.0 = Release|Any CPU
	EndGlobalSection
	GlobalSection(SolutionProperties) = preSolution
		HideSolutionNode = FALSE
	EndGlobalSection
	GlobalSection(ExtensibilityGlobals) = postSolution
		SolutionGuid = {12549C08-06DF-4878-B7D5-476C79BF26E5}
	EndGlobalSection
EndGlobal
